// !$*UTF8*$!
{
	archiveVersion = 1;
	classes = {
	};
	objectVersion = 46;
	objects = {

/* Begin PBXBuildFile section */
		A71563011ABF402800CBD1DC /* DemoView.m in Sources */ = {isa = PBXBuildFile; fileRef = A71563001ABF402800CBD1DC /* DemoView.m */; };
		A715630A1ABF43F800CBD1DC /* QuartzCore.framework in Frameworks */ = {isa = PBXBuildFile; fileRef = A71563071ABF43DA00CBD1DC /* QuartzCore.framework */; };
		A715630C1ABF535800CBD1DC /* AppIcon.icns in Resources */ = {isa = PBXBuildFile; fileRef = A715630B1ABF535800CBD1DC /* AppIcon.icns */; };
		A71726B11ABFCD54007DE3E2 /* QuartzCore.framework in Frameworks */ = {isa = PBXBuildFile; fileRef = A71726B01ABFCD54007DE3E2 /* QuartzCore.framework */; };
		A731F9ED1ABFFCEF00A09092 /* CATweakerHelper.m in Sources */ = {isa = PBXBuildFile; fileRef = A79597A21ABFBD8C00B7EFE2 /* CATweakerHelper.m */; };
		A731F9EE1ABFFCF800A09092 /* CATFrameView.m in Sources */ = {isa = PBXBuildFile; fileRef = A75512801ABFD79000D1424E /* CATFrameView.m */; };
		A74B92B11ABE5F2B00AB08CE /* AppDelegate.m in Sources */ = {isa = PBXBuildFile; fileRef = A74B92B01ABE5F2B00AB08CE /* AppDelegate.m */; };
		A74B92B31ABE5F2B00AB08CE /* main.m in Sources */ = {isa = PBXBuildFile; fileRef = A74B92B21ABE5F2B00AB08CE /* main.m */; };
		A74B92B51ABE5F2B00AB08CE /* Images.xcassets in Resources */ = {isa = PBXBuildFile; fileRef = A74B92B41ABE5F2B00AB08CE /* Images.xcassets */; };
		A74B92B81ABE5F2B00AB08CE /* MainMenu.xib in Resources */ = {isa = PBXBuildFile; fileRef = A74B92B61ABE5F2B00AB08CE /* MainMenu.xib */; };
		A74B92C41ABE5F2B00AB08CE /* CATweakerTests.m in Sources */ = {isa = PBXBuildFile; fileRef = A74B92C31ABE5F2B00AB08CE /* CATweakerTests.m */; };
		A74B92D11ABE602900AB08CE /* CurveView.m in Sources */ = {isa = PBXBuildFile; fileRef = A74B92D01ABE602900AB08CE /* CurveView.m */; };
		A75512811ABFD79000D1424E /* CATFrameView.m in Sources */ = {isa = PBXBuildFile; fileRef = A75512801ABFD79000D1424E /* CATFrameView.m */; };
		A75DF6901AC0074E0065E137 /* CATCurveView.m in Sources */ = {isa = PBXBuildFile; fileRef = A75DF68F1AC0074E0065E137 /* CATCurveView.m */; };
		A791F74B1ABFDBF20020F9FD /* NSBezierPath+LXExtension.m in Sources */ = {isa = PBXBuildFile; fileRef = A791F74A1ABFDBF20020F9FD /* NSBezierPath+LXExtension.m */; };
		A79597A31ABFBD8C00B7EFE2 /* CATweakerHelper.m in Sources */ = {isa = PBXBuildFile; fileRef = A79597A21ABFBD8C00B7EFE2 /* CATweakerHelper.m */; };
		A7B0A0941AC0196600C31D29 /* CATCurveView.m in Sources */ = {isa = PBXBuildFile; fileRef = A75DF68F1AC0074E0065E137 /* CATCurveView.m */; };
/* End PBXBuildFile section */

/* Begin PBXContainerItemProxy section */
		A731F9EB1ABFFB7F00A09092 /* PBXContainerItemProxy */ = {
			isa = PBXContainerItemProxy;
			containerPortal = A74B92A21ABE5F2B00AB08CE /* Project object */;
			proxyType = 1;
			remoteGlobalIDString = A79597961ABFB4D400B7EFE2;
			remoteInfo = CATweakerSense;
		};
		A74B92BE1ABE5F2B00AB08CE /* PBXContainerItemProxy */ = {
			isa = PBXContainerItemProxy;
			containerPortal = A74B92A21ABE5F2B00AB08CE /* Project object */;
			proxyType = 1;
			remoteGlobalIDString = A74B92A91ABE5F2B00AB08CE;
			remoteInfo = CAMediaTimingFunctionBuilder;
		};
/* End PBXContainerItemProxy section */

/* Begin PBXFileReference section */
		A71562FF1ABF402800CBD1DC /* DemoView.h */ = {isa = PBXFileReference; fileEncoding = 4; lastKnownFileType = sourcecode.c.h; path = DemoView.h; sourceTree = "<group>"; };
		A71563001ABF402800CBD1DC /* DemoView.m */ = {isa = PBXFileReference; fileEncoding = 4; lastKnownFileType = sourcecode.c.objc; path = DemoView.m; sourceTree = "<group>"; };
		A71563071ABF43DA00CBD1DC /* QuartzCore.framework */ = {isa = PBXFileReference; lastKnownFileType = wrapper.framework; name = QuartzCore.framework; path = System/Library/Frameworks/QuartzCore.framework; sourceTree = SDKROOT; };
		A715630B1ABF535800CBD1DC /* AppIcon.icns */ = {isa = PBXFileReference; lastKnownFileType = image.icns; path = AppIcon.icns; sourceTree = SOURCE_ROOT; };
		A71726B01ABFCD54007DE3E2 /* QuartzCore.framework */ = {isa = PBXFileReference; lastKnownFileType = wrapper.framework; name = QuartzCore.framework; path = Platforms/MacOSX.platform/Developer/SDKs/MacOSX10.9.sdk/System/Library/Frameworks/QuartzCore.framework; sourceTree = DEVELOPER_DIR; };
		A74B92AA1ABE5F2B00AB08CE /* CATweaker.app */ = {isa = PBXFileReference; explicitFileType = wrapper.application; includeInIndex = 0; path = CATweaker.app; sourceTree = BUILT_PRODUCTS_DIR; };
		A74B92AE1ABE5F2B00AB08CE /* Info.plist */ = {isa = PBXFileReference; lastKnownFileType = text.plist.xml; path = Info.plist; sourceTree = "<group>"; };
		A74B92AF1ABE5F2B00AB08CE /* AppDelegate.h */ = {isa = PBXFileReference; lastKnownFileType = sourcecode.c.h; path = AppDelegate.h; sourceTree = "<group>"; };
		A74B92B01ABE5F2B00AB08CE /* AppDelegate.m */ = {isa = PBXFileReference; lastKnownFileType = sourcecode.c.objc; path = AppDelegate.m; sourceTree = "<group>"; };
		A74B92B21ABE5F2B00AB08CE /* main.m */ = {isa = PBXFileReference; lastKnownFileType = sourcecode.c.objc; path = main.m; sourceTree = "<group>"; };
		A74B92B41ABE5F2B00AB08CE /* Images.xcassets */ = {isa = PBXFileReference; lastKnownFileType = folder.assetcatalog; path = Images.xcassets; sourceTree = "<group>"; };
		A74B92B71ABE5F2B00AB08CE /* Base */ = {isa = PBXFileReference; lastKnownFileType = file.xib; name = Base; path = Base.lproj/MainMenu.xib; sourceTree = "<group>"; };
		A74B92BD1ABE5F2B00AB08CE /* CATweakerTests.xctest */ = {isa = PBXFileReference; explicitFileType = wrapper.cfbundle; includeInIndex = 0; path = CATweakerTests.xctest; sourceTree = BUILT_PRODUCTS_DIR; };
		A74B92C21ABE5F2B00AB08CE /* Info.plist */ = {isa = PBXFileReference; lastKnownFileType = text.plist.xml; path = Info.plist; sourceTree = "<group>"; };
		A74B92C31ABE5F2B00AB08CE /* CATweakerTests.m */ = {isa = PBXFileReference; lastKnownFileType = sourcecode.c.objc; path = CATweakerTests.m; sourceTree = "<group>"; };
		A74B92CD1ABE5F9400AB08CE /* README.md */ = {isa = PBXFileReference; fileEncoding = 4; lastKnownFileType = net.daringfireball.markdown; path = README.md; sourceTree = SOURCE_ROOT; };
		A74B92CF1ABE602900AB08CE /* CurveView.h */ = {isa = PBXFileReference; fileEncoding = 4; lastKnownFileType = sourcecode.c.h; path = CurveView.h; sourceTree = "<group>"; };
		A74B92D01ABE602900AB08CE /* CurveView.m */ = {isa = PBXFileReference; fileEncoding = 4; lastKnownFileType = sourcecode.c.objc; path = CurveView.m; sourceTree = "<group>"; };
		A755127F1ABFD79000D1424E /* CATFrameView.h */ = {isa = PBXFileReference; fileEncoding = 4; lastKnownFileType = sourcecode.c.h; path = CATFrameView.h; sourceTree = "<group>"; };
		A75512801ABFD79000D1424E /* CATFrameView.m */ = {isa = PBXFileReference; fileEncoding = 4; lastKnownFileType = sourcecode.c.objc; path = CATFrameView.m; sourceTree = "<group>"; };
		A75DF68E1AC0074E0065E137 /* CATCurveView.h */ = {isa = PBXFileReference; fileEncoding = 4; lastKnownFileType = sourcecode.c.h; path = CATCurveView.h; sourceTree = "<group>"; };
		A75DF68F1AC0074E0065E137 /* CATCurveView.m */ = {isa = PBXFileReference; fileEncoding = 4; lastKnownFileType = sourcecode.c.objc; path = CATCurveView.m; sourceTree = "<group>"; };
		A791F7491ABFDBF20020F9FD /* NSBezierPath+LXExtension.h */ = {isa = PBXFileReference; fileEncoding = 4; lastKnownFileType = sourcecode.c.h; path = "NSBezierPath+LXExtension.h"; sourceTree = "<group>"; };
		A791F74A1ABFDBF20020F9FD /* NSBezierPath+LXExtension.m */ = {isa = PBXFileReference; fileEncoding = 4; lastKnownFileType = sourcecode.c.objc; path = "NSBezierPath+LXExtension.m"; sourceTree = "<group>"; };
		A79597971ABFB4D400B7EFE2 /* CATweakerSense.xcplugin */ = {isa = PBXFileReference; explicitFileType = wrapper.cfbundle; includeInIndex = 0; path = CATweakerSense.xcplugin; sourceTree = BUILT_PRODUCTS_DIR; };
		A795979A1ABFB4D400B7EFE2 /* Info.plist */ = {isa = PBXFileReference; lastKnownFileType = text.plist.xml; path = Info.plist; sourceTree = "<group>"; };
		A79597A11ABFBD8C00B7EFE2 /* CATweakerHelper.h */ = {isa = PBXFileReference; fileEncoding = 4; lastKnownFileType = sourcecode.c.h; path = CATweakerHelper.h; sourceTree = "<group>"; };
		A79597A21ABFBD8C00B7EFE2 /* CATweakerHelper.m */ = {isa = PBXFileReference; fileEncoding = 4; lastKnownFileType = sourcecode.c.objc; path = CATweakerHelper.m; sourceTree = "<group>"; };
/* End PBXFileReference section */

/* Begin PBXFrameworksBuildPhase section */
		A74B92A71ABE5F2B00AB08CE /* Frameworks */ = {
			isa = PBXFrameworksBuildPhase;
			buildActionMask = 2147483647;
			files = (
				A715630A1ABF43F800CBD1DC /* QuartzCore.framework in Frameworks */,
			);
			runOnlyForDeploymentPostprocessing = 0;
		};
		A74B92BA1ABE5F2B00AB08CE /* Frameworks */ = {
			isa = PBXFrameworksBuildPhase;
			buildActionMask = 2147483647;
			files = (
			);
			runOnlyForDeploymentPostprocessing = 0;
		};
		A79597941ABFB4D400B7EFE2 /* Frameworks */ = {
			isa = PBXFrameworksBuildPhase;
			buildActionMask = 2147483647;
			files = (
				A71726B11ABFCD54007DE3E2 /* QuartzCore.framework in Frameworks */,
			);
			runOnlyForDeploymentPostprocessing = 0;
		};
/* End PBXFrameworksBuildPhase section */

/* Begin PBXGroup section */
		A71563091ABF43DE00CBD1DC /* Frameworks */ = {
			isa = PBXGroup;
			children = (
				A71563071ABF43DA00CBD1DC /* QuartzCore.framework */,
			);
			name = Frameworks;
			path = ..;
			sourceTree = "<group>";
		};
		A74B92A11ABE5F2B00AB08CE = {
			isa = PBXGroup;
			children = (
				A74B92CD1ABE5F9400AB08CE /* README.md */,
				A74B92AC1ABE5F2B00AB08CE /* CATweaker */,
				A79597981ABFB4D400B7EFE2 /* CATweakerSense */,
				A74B92C01ABE5F2B00AB08CE /* CATweakerTests */,
				A74B92AB1ABE5F2B00AB08CE /* Products */,
			);
			sourceTree = "<group>";
		};
		A74B92AB1ABE5F2B00AB08CE /* Products */ = {
			isa = PBXGroup;
			children = (
				A74B92AA1ABE5F2B00AB08CE /* CATweaker.app */,
				A74B92BD1ABE5F2B00AB08CE /* CATweakerTests.xctest */,
				A79597971ABFB4D400B7EFE2 /* CATweakerSense.xcplugin */,
			);
			name = Products;
			sourceTree = "<group>";
		};
		A74B92AC1ABE5F2B00AB08CE /* CATweaker */ = {
			isa = PBXGroup;
			children = (
				A71562FF1ABF402800CBD1DC /* DemoView.h */,
				A71563001ABF402800CBD1DC /* DemoView.m */,
				A74B92CF1ABE602900AB08CE /* CurveView.h */,
				A74B92D01ABE602900AB08CE /* CurveView.m */,
				A74B92AF1ABE5F2B00AB08CE /* AppDelegate.h */,
				A74B92B01ABE5F2B00AB08CE /* AppDelegate.m */,
				A74B92B41ABE5F2B00AB08CE /* Images.xcassets */,
				A74B92B61ABE5F2B00AB08CE /* MainMenu.xib */,
				A74B92AD1ABE5F2B00AB08CE /* Supporting Files */,
				A71563091ABF43DE00CBD1DC /* Frameworks */,
			);
			path = CATweaker;
			sourceTree = "<group>";
		};
		A74B92AD1ABE5F2B00AB08CE /* Supporting Files */ = {
			isa = PBXGroup;
			children = (
				A715630B1ABF535800CBD1DC /* AppIcon.icns */,
				A74B92AE1ABE5F2B00AB08CE /* Info.plist */,
				A74B92B21ABE5F2B00AB08CE /* main.m */,
			);
			name = "Supporting Files";
			sourceTree = "<group>";
		};
		A74B92C01ABE5F2B00AB08CE /* CATweakerTests */ = {
			isa = PBXGroup;
			children = (
				A74B92C31ABE5F2B00AB08CE /* CATweakerTests.m */,
				A74B92C11ABE5F2B00AB08CE /* Supporting Files */,
			);
			path = CATweakerTests;
			sourceTree = "<group>";
		};
		A74B92C11ABE5F2B00AB08CE /* Supporting Files */ = {
			isa = PBXGroup;
			children = (
				A74B92C21ABE5F2B00AB08CE /* Info.plist */,
			);
			name = "Supporting Files";
			sourceTree = "<group>";
		};
		A79597981ABFB4D400B7EFE2 /* CATweakerSense */ = {
			isa = PBXGroup;
			children = (
				A71726B01ABFCD54007DE3E2 /* QuartzCore.framework */,
				A791F7491ABFDBF20020F9FD /* NSBezierPath+LXExtension.h */,
				A791F74A1ABFDBF20020F9FD /* NSBezierPath+LXExtension.m */,
				A75DF68E1AC0074E0065E137 /* CATCurveView.h */,
				A75DF68F1AC0074E0065E137 /* CATCurveView.m */,
				A755127F1ABFD79000D1424E /* CATFrameView.h */,
				A75512801ABFD79000D1424E /* CATFrameView.m */,
				A79597A11ABFBD8C00B7EFE2 /* CATweakerHelper.h */,
				A79597A21ABFBD8C00B7EFE2 /* CATweakerHelper.m */,
				A79597991ABFB4D400B7EFE2 /* Supporting Files */,
			);
			path = CATweakerSense;
			sourceTree = "<group>";
		};
		A79597991ABFB4D400B7EFE2 /* Supporting Files */ = {
			isa = PBXGroup;
			children = (
				A795979A1ABFB4D400B7EFE2 /* Info.plist */,
			);
			name = "Supporting Files";
			sourceTree = "<group>";
		};
/* End PBXGroup section */

/* Begin PBXNativeTarget section */
		A74B92A91ABE5F2B00AB08CE /* CATweaker */ = {
			isa = PBXNativeTarget;
			buildConfigurationList = A74B92C71ABE5F2B00AB08CE /* Build configuration list for PBXNativeTarget "CATweaker" */;
			buildPhases = (
				A74B92A61ABE5F2B00AB08CE /* Sources */,
				A74B92A71ABE5F2B00AB08CE /* Frameworks */,
				A74B92A81ABE5F2B00AB08CE /* Resources */,
			);
			buildRules = (
			);
			dependencies = (
				A731F9EC1ABFFB7F00A09092 /* PBXTargetDependency */,
			);
			name = CATweaker;
			productName = CAMediaTimingFunctionBuilder;
			productReference = A74B92AA1ABE5F2B00AB08CE /* CATweaker.app */;
			productType = "com.apple.product-type.application";
		};
		A74B92BC1ABE5F2B00AB08CE /* CATweakerTests */ = {
			isa = PBXNativeTarget;
			buildConfigurationList = A74B92CA1ABE5F2B00AB08CE /* Build configuration list for PBXNativeTarget "CATweakerTests" */;
			buildPhases = (
				A74B92B91ABE5F2B00AB08CE /* Sources */,
				A74B92BA1ABE5F2B00AB08CE /* Frameworks */,
				A74B92BB1ABE5F2B00AB08CE /* Resources */,
			);
			buildRules = (
			);
			dependencies = (
				A74B92BF1ABE5F2B00AB08CE /* PBXTargetDependency */,
			);
			name = CATweakerTests;
			productName = CAMediaTimingFunctionBuilderTests;
			productReference = A74B92BD1ABE5F2B00AB08CE /* CATweakerTests.xctest */;
			productType = "com.apple.product-type.bundle.unit-test";
		};
		A79597961ABFB4D400B7EFE2 /* CATweakerSense */ = {
			isa = PBXNativeTarget;
			buildConfigurationList = A795979D1ABFB4D400B7EFE2 /* Build configuration list for PBXNativeTarget "CATweakerSense" */;
			buildPhases = (
				A79597931ABFB4D400B7EFE2 /* Sources */,
				A79597941ABFB4D400B7EFE2 /* Frameworks */,
				A79597951ABFB4D400B7EFE2 /* Resources */,
			);
			buildRules = (
			);
			dependencies = (
			);
			name = CATweakerSense;
			productName = CATweakerSense;
			productReference = A79597971ABFB4D400B7EFE2 /* CATweakerSense.xcplugin */;
			productType = "com.apple.product-type.bundle";
		};
/* End PBXNativeTarget section */

/* Begin PBXProject section */
		A74B92A21ABE5F2B00AB08CE /* Project object */ = {
			isa = PBXProject;
			attributes = {
				LastUpgradeCheck = 0620;
				ORGANIZATIONNAME = Beyondcow;
				TargetAttributes = {
					A74B92A91ABE5F2B00AB08CE = {
						CreatedOnToolsVersion = 6.2;
					};
					A74B92BC1ABE5F2B00AB08CE = {
						CreatedOnToolsVersion = 6.2;
						TestTargetID = A74B92A91ABE5F2B00AB08CE;
					};
					A79597961ABFB4D400B7EFE2 = {
						CreatedOnToolsVersion = 6.2;
					};
				};
			};
			buildConfigurationList = A74B92A51ABE5F2B00AB08CE /* Build configuration list for PBXProject "CATweaker" */;
			compatibilityVersion = "Xcode 3.2";
			developmentRegion = English;
			hasScannedForEncodings = 0;
			knownRegions = (
				en,
				Base,
			);
			mainGroup = A74B92A11ABE5F2B00AB08CE;
			productRefGroup = A74B92AB1ABE5F2B00AB08CE /* Products */;
			projectDirPath = "";
			projectRoot = "";
			targets = (
				A74B92A91ABE5F2B00AB08CE /* CATweaker */,
				A79597961ABFB4D400B7EFE2 /* CATweakerSense */,
				A74B92BC1ABE5F2B00AB08CE /* CATweakerTests */,
			);
		};
/* End PBXProject section */

/* Begin PBXResourcesBuildPhase section */
		A74B92A81ABE5F2B00AB08CE /* Resources */ = {
			isa = PBXResourcesBuildPhase;
			buildActionMask = 2147483647;
			files = (
				A74B92B51ABE5F2B00AB08CE /* Images.xcassets in Resources */,
				A74B92B81ABE5F2B00AB08CE /* MainMenu.xib in Resources */,
				A715630C1ABF535800CBD1DC /* AppIcon.icns in Resources */,
			);
			runOnlyForDeploymentPostprocessing = 0;
		};
		A74B92BB1ABE5F2B00AB08CE /* Resources */ = {
			isa = PBXResourcesBuildPhase;
			buildActionMask = 2147483647;
			files = (
			);
			runOnlyForDeploymentPostprocessing = 0;
		};
		A79597951ABFB4D400B7EFE2 /* Resources */ = {
			isa = PBXResourcesBuildPhase;
			buildActionMask = 2147483647;
			files = (
			);
			runOnlyForDeploymentPostprocessing = 0;
		};
/* End PBXResourcesBuildPhase section */

/* Begin PBXSourcesBuildPhase section */
		A74B92A61ABE5F2B00AB08CE /* Sources */ = {
			isa = PBXSourcesBuildPhase;
			buildActionMask = 2147483647;
			files = (
				A74B92B31ABE5F2B00AB08CE /* main.m in Sources */,
				A71563011ABF402800CBD1DC /* DemoView.m in Sources */,
				A74B92D11ABE602900AB08CE /* CurveView.m in Sources */,
				A74B92B11ABE5F2B00AB08CE /* AppDelegate.m in Sources */,
			);
			runOnlyForDeploymentPostprocessing = 0;
		};
		A74B92B91ABE5F2B00AB08CE /* Sources */ = {
			isa = PBXSourcesBuildPhase;
			buildActionMask = 2147483647;
			files = (
				A74B92C41ABE5F2B00AB08CE /* CATweakerTests.m in Sources */,
				A731F9ED1ABFFCEF00A09092 /* CATweakerHelper.m in Sources */,
				A7B0A0941AC0196600C31D29 /* CATCurveView.m in Sources */,
				A731F9EE1ABFFCF800A09092 /* CATFrameView.m in Sources */,
			);
			runOnlyForDeploymentPostprocessing = 0;
		};
		A79597931ABFB4D400B7EFE2 /* Sources */ = {
			isa = PBXSourcesBuildPhase;
			buildActionMask = 2147483647;
			files = (
				A79597A31ABFBD8C00B7EFE2 /* CATweakerHelper.m in Sources */,
				A75DF6901AC0074E0065E137 /* CATCurveView.m in Sources */,
				A791F74B1ABFDBF20020F9FD /* NSBezierPath+LXExtension.m in Sources */,
				A75512811ABFD79000D1424E /* CATFrameView.m in Sources */,
			);
			runOnlyForDeploymentPostprocessing = 0;
		};
/* End PBXSourcesBuildPhase section */

/* Begin PBXTargetDependency section */
		A731F9EC1ABFFB7F00A09092 /* PBXTargetDependency */ = {
			isa = PBXTargetDependency;
			target = A79597961ABFB4D400B7EFE2 /* CATweakerSense */;
			targetProxy = A731F9EB1ABFFB7F00A09092 /* PBXContainerItemProxy */;
		};
		A74B92BF1ABE5F2B00AB08CE /* PBXTargetDependency */ = {
			isa = PBXTargetDependency;
			target = A74B92A91ABE5F2B00AB08CE /* CATweaker */;
			targetProxy = A74B92BE1ABE5F2B00AB08CE /* PBXContainerItemProxy */;
		};
/* End PBXTargetDependency section */

/* Begin PBXVariantGroup section */
		A74B92B61ABE5F2B00AB08CE /* MainMenu.xib */ = {
			isa = PBXVariantGroup;
			children = (
				A74B92B71ABE5F2B00AB08CE /* Base */,
			);
			name = MainMenu.xib;
			sourceTree = "<group>";
		};
/* End PBXVariantGroup section */

/* Begin XCBuildConfiguration section */
		A74B92C51ABE5F2B00AB08CE /* Debug */ = {
			isa = XCBuildConfiguration;
			buildSettings = {
				ALWAYS_SEARCH_USER_PATHS = NO;
				CLANG_CXX_LANGUAGE_STANDARD = "gnu++0x";
				CLANG_CXX_LIBRARY = "libc++";
				CLANG_ENABLE_MODULES = YES;
				CLANG_ENABLE_OBJC_ARC = YES;
				CLANG_WARN_BOOL_CONVERSION = YES;
				CLANG_WARN_CONSTANT_CONVERSION = YES;
				CLANG_WARN_DIRECT_OBJC_ISA_USAGE = YES_ERROR;
				CLANG_WARN_EMPTY_BODY = YES;
				CLANG_WARN_ENUM_CONVERSION = YES;
				CLANG_WARN_INT_CONVERSION = YES;
				CLANG_WARN_OBJC_ROOT_CLASS = YES_ERROR;
				CLANG_WARN_UNREACHABLE_CODE = YES;
				CLANG_WARN__DUPLICATE_METHOD_MATCH = YES;
				CODE_SIGN_IDENTITY = "-";
				COPY_PHASE_STRIP = NO;
				ENABLE_STRICT_OBJC_MSGSEND = YES;
				GCC_C_LANGUAGE_STANDARD = gnu99;
				GCC_DYNAMIC_NO_PIC = NO;
				GCC_OPTIMIZATION_LEVEL = 0;
				GCC_PREPROCESSOR_DEFINITIONS = (
					"DEBUG=1",
					"$(inherited)",
				);
				GCC_SYMBOLS_PRIVATE_EXTERN = NO;
				GCC_WARN_64_TO_32_BIT_CONVERSION = YES;
				GCC_WARN_ABOUT_RETURN_TYPE = YES_ERROR;
				GCC_WARN_UNDECLARED_SELECTOR = YES;
				GCC_WARN_UNINITIALIZED_AUTOS = YES_AGGRESSIVE;
				GCC_WARN_UNUSED_FUNCTION = YES;
				GCC_WARN_UNUSED_VARIABLE = YES;
				MACOSX_DEPLOYMENT_TARGET = 10.9;
				MTL_ENABLE_DEBUG_INFO = YES;
				ONLY_ACTIVE_ARCH = YES;
				SDKROOT = macosx;
			};
			name = Debug;
		};
		A74B92C61ABE5F2B00AB08CE /* Release */ = {
			isa = XCBuildConfiguration;
			buildSettings = {
				ALWAYS_SEARCH_USER_PATHS = NO;
				CLANG_CXX_LANGUAGE_STANDARD = "gnu++0x";
				CLANG_CXX_LIBRARY = "libc++";
				CLANG_ENABLE_MODULES = YES;
				CLANG_ENABLE_OBJC_ARC = YES;
				CLANG_WARN_BOOL_CONVERSION = YES;
				CLANG_WARN_CONSTANT_CONVERSION = YES;
				CLANG_WARN_DIRECT_OBJC_ISA_USAGE = YES_ERROR;
				CLANG_WARN_EMPTY_BODY = YES;
				CLANG_WARN_ENUM_CONVERSION = YES;
				CLANG_WARN_INT_CONVERSION = YES;
				CLANG_WARN_OBJC_ROOT_CLASS = YES_ERROR;
				CLANG_WARN_UNREACHABLE_CODE = YES;
				CLANG_WARN__DUPLICATE_METHOD_MATCH = YES;
				CODE_SIGN_IDENTITY = "-";
				COPY_PHASE_STRIP = NO;
				DEBUG_INFORMATION_FORMAT = "dwarf-with-dsym";
				ENABLE_NS_ASSERTIONS = NO;
				ENABLE_STRICT_OBJC_MSGSEND = YES;
				GCC_C_LANGUAGE_STANDARD = gnu99;
				GCC_WARN_64_TO_32_BIT_CONVERSION = YES;
				GCC_WARN_ABOUT_RETURN_TYPE = YES_ERROR;
				GCC_WARN_UNDECLARED_SELECTOR = YES;
				GCC_WARN_UNINITIALIZED_AUTOS = YES_AGGRESSIVE;
				GCC_WARN_UNUSED_FUNCTION = YES;
				GCC_WARN_UNUSED_VARIABLE = YES;
				MACOSX_DEPLOYMENT_TARGET = 10.9;
				MTL_ENABLE_DEBUG_INFO = NO;
				SDKROOT = macosx;
			};
			name = Release;
		};
		A74B92C81ABE5F2B00AB08CE /* Debug */ = {
			isa = XCBuildConfiguration;
			buildSettings = {
				ARCHS = "$(ARCHS_STANDARD_64_BIT)";
				COMBINE_HIDPI_IMAGES = YES;
				INFOPLIST_FILE = CATweaker/Info.plist;
				LD_RUNPATH_SEARCH_PATHS = "$(inherited) @executable_path/../Frameworks";
				PRODUCT_NAME = CATweaker;
			};
			name = Debug;
		};
		A74B92C91ABE5F2B00AB08CE /* Release */ = {
			isa = XCBuildConfiguration;
			buildSettings = {
				ARCHS = "$(ARCHS_STANDARD_64_BIT)";
				COMBINE_HIDPI_IMAGES = YES;
				INFOPLIST_FILE = CATweaker/Info.plist;
				LD_RUNPATH_SEARCH_PATHS = "$(inherited) @executable_path/../Frameworks";
				PRODUCT_NAME = CATweaker;
			};
			name = Release;
		};
		A74B92CB1ABE5F2B00AB08CE /* Debug */ = {
			isa = XCBuildConfiguration;
			buildSettings = {
				BUNDLE_LOADER = "$(TEST_HOST)";
				COMBINE_HIDPI_IMAGES = YES;
				FRAMEWORK_SEARCH_PATHS = (
					"$(DEVELOPER_FRAMEWORKS_DIR)",
					"$(inherited)",
				);
				GCC_PREPROCESSOR_DEFINITIONS = (
					"DEBUG=1",
					"$(inherited)",
				);
				INFOPLIST_FILE = CATweakerTests/Info.plist;
				LD_RUNPATH_SEARCH_PATHS = "$(inherited) @executable_path/../Frameworks @loader_path/../Frameworks";
				PRODUCT_NAME = CATweakerTests;
				TEST_HOST = "$(BUILT_PRODUCTS_DIR)/CATweaker.app/Contents/MacOS/CATweaker";
			};
			name = Debug;
		};
		A74B92CC1ABE5F2B00AB08CE /* Release */ = {
			isa = XCBuildConfiguration;
			buildSettings = {
				BUNDLE_LOADER = "$(TEST_HOST)";
				COMBINE_HIDPI_IMAGES = YES;
				FRAMEWORK_SEARCH_PATHS = (
					"$(DEVELOPER_FRAMEWORKS_DIR)",
					"$(inherited)",
				);
				INFOPLIST_FILE = CATweakerTests/Info.plist;
				LD_RUNPATH_SEARCH_PATHS = "$(inherited) @executable_path/../Frameworks @loader_path/../Frameworks";
				PRODUCT_NAME = CATweakerTests;
				TEST_HOST = "$(BUILT_PRODUCTS_DIR)/CATweaker.app/Contents/MacOS/CATweaker";
			};
			name = Release;
		};
		A795979B1ABFB4D400B7EFE2 /* Debug */ = {
			isa = XCBuildConfiguration;
			buildSettings = {
				ARCHS = "$(ARCHS_STANDARD_64_BIT)";
				COMBINE_HIDPI_IMAGES = YES;
				DEPLOYMENT_LOCATION = YES;
				DEPLOYMENT_POSTPROCESSING = YES;
				DSTROOT = "$(HOME)";
				GCC_ENABLE_OBJC_GC = unsupported;
				GCC_MODEL_TUNING = G5;
				GCC_PREPROCESSOR_DEFINITIONS = (
					"DEBUG=1",
					"$(inherited)",
				);
				INFOPLIST_FILE = CATweakerSense/Info.plist;
				INSTALL_PATH = "/Library/Application Support/Developer/Shared/Xcode/Plug-ins";
				LD_RUNPATH_SEARCH_PATHS = /Developer;
				MACOSX_DEPLOYMENT_TARGET = 10.7;
				PRODUCT_NAME = "$(TARGET_NAME)";
				SDKROOT = macosx10.9;
				SKIP_INSTALL = NO;
				WRAPPER_EXTENSION = xcplugin;
			};
			name = Debug;
		};
		A795979C1ABFB4D400B7EFE2 /* Release */ = {
			isa = XCBuildConfiguration;
			buildSettings = {
				ARCHS = "$(ARCHS_STANDARD_64_BIT)";
				COMBINE_HIDPI_IMAGES = YES;
				DEPLOYMENT_LOCATION = YES;
				DEPLOYMENT_POSTPROCESSING = YES;
				DSTROOT = "$(HOME)";
				GCC_MODEL_TUNING = G5;
				INFOPLIST_FILE = CATweakerSense/Info.plist;
				INSTALL_PATH = "/Library/Application Support/Developer/Shared/Xcode/Plug-ins";
				LD_RUNPATH_SEARCH_PATHS = /Developer;
				MACOSX_DEPLOYMENT_TARGET = 10.7;
				PRODUCT_NAME = "$(TARGET_NAME)";
				SDKROOT = macosx10.9;
				SKIP_INSTALL = NO;
				WRAPPER_EXTENSION = xcplugin;
			};
			name = Release;
		};
/* End XCBuildConfiguration section */

/* Begin XCConfigurationList section */
		A74B92A51ABE5F2B00AB08CE /* Build configuration list for PBXProject "CATweaker" */ = {
			isa = XCConfigurationList;
			buildConfigurations = (
				A74B92C51ABE5F2B00AB08CE /* Debug */,
				A74B92C61ABE5F2B00AB08CE /* Release */,
			);
			defaultConfigurationIsVisible = 0;
			defaultConfigurationName = Release;
		};
		A74B92C71ABE5F2B00AB08CE /* Build configuration list for PBXNativeTarget "CATweaker" */ = {
			isa = XCConfigurationList;
			buildConfigurations = (
				A74B92C81ABE5F2B00AB08CE /* Debug */,
				A74B92C91ABE5F2B00AB08CE /* Release */,
			);
			defaultConfigurationIsVisible = 0;
			defaultConfigurationName = Release;
		};
		A74B92CA1ABE5F2B00AB08CE /* Build configuration list for PBXNativeTarget "CATweakerTests" */ = {
			isa = XCConfigurationList;
			buildConfigurations = (
				A74B92CB1ABE5F2B00AB08CE /* Debug */,
				A74B92CC1ABE5F2B00AB08CE /* Release */,
			);
			defaultConfigurationIsVisible = 0;
			defaultConfigurationName = Release;
		};
		A795979D1ABFB4D400B7EFE2 /* Build configuration list for PBXNativeTarget "CATweakerSense" */ = {
			isa = XCConfigurationList;
			buildConfigurations = (
				A795979B1ABFB4D400B7EFE2 /* Debug */,
				A795979C1ABFB4D400B7EFE2 /* Release */,
			);
			defaultConfigurationIsVisible = 0;
			defaultConfigurationName = Release;
		};
/* End XCConfigurationList section */
	};
	rootObject = A74B92A21ABE5F2B00AB08CE /* Project object */;
}
